
Microsoft Visual Studio Solution File, Format Version 12.00
# Visual Studio 15
VisualStudioVersion = 15.0.26228.10
MinimumVisualStudioVersion = 10.0.40219.1
Project("{FAE04EC0-301F-11D3-BF4B-00C04F79EFBC}") = "BSAG.IOCTalk.Common", "BSAG.IOCTalk.Common\BSAG.IOCTalk.Common.csproj", "{FB931430-65AC-4C3D-AF49-31E47CE9140A}"
EndProject
Project("{FAE04EC0-301F-11D3-BF4B-00C04F79EFBC}") = "BSAG.IOCTalk.Container.MEF", "BSAG.IOCTalk.Container.MEF\BSAG.IOCTalk.Container.MEF.csproj", "{FADC6A2F-31E4-4D03-B26B-7B0264D9FC9C}"
EndProject
Project("{FAE04EC0-301F-11D3-BF4B-00C04F79EFBC}") = "lib", "lib\lib.csproj", "{4BC9D6FD-BACC-4FF2-933E-970096E4C882}"
EndProject
Project("{FAE04EC0-301F-11D3-BF4B-00C04F79EFBC}") = "BSAG.IOCTalk.Communication.Common", "BSAG.IOCTalk.Communication.Common\BSAG.IOCTalk.Communication.Common.csproj", "{27D3A37E-9F68-4B0E-9D27-FFA661147E92}"
EndProject
Project("{2150E333-8FDC-42A3-9474-1A3956D46DE8}") = "Solution Items", "Solution Items", "{D6C8FBBC-2E3F-43DF-BFB9-082DB12EE30A}"
	ProjectSection(SolutionItems) = preProject
		BSAG.IOCTalk.vsmdi = BSAG.IOCTalk.vsmdi
		Local.testsettings = Local.testsettings
		TraceAndTestImpact.testsettings = TraceAndTestImpact.testsettings
	EndProjectSection
EndProject
Project("{2150E333-8FDC-42A3-9474-1A3956D46DE8}") = "UnitTests", "UnitTests", "{0ED8F53E-A720-4991-AEB3-FD7979581A91}"
EndProject
Project("{2150E333-8FDC-42A3-9474-1A3956D46DE8}") = "Interfaces", "Interfaces", "{DFD42D58-E91F-4F73-ACEE-E839002A3207}"
EndProject
Project("{2150E333-8FDC-42A3-9474-1A3956D46DE8}") = "InterfaceImplementations", "InterfaceImplementations", "{0764B010-234C-4493-A433-72D987F33D5C}"
EndProject
Project("{FAE04EC0-301F-11D3-BF4B-00C04F79EFBC}") = "BSAG.IOCTalk.Test", "BSAG.IOCTalk.Test\BSAG.IOCTalk.Test.csproj", "{65733AB9-D205-4B76-8F82-43783B2653B9}"
EndProject
Project("{FAE04EC0-301F-11D3-BF4B-00C04F79EFBC}") = "BSAG.IOCTalk.Test.Common", "BSAG.IOCTalk.Test.Common\BSAG.IOCTalk.Test.Common.csproj", "{BB2BA544-8168-45BE-8A61-82500BD833AB}"
EndProject
Project("{FAE04EC0-301F-11D3-BF4B-00C04F79EFBC}") = "BSAG.IOCTalk.Test.Common.Client.MEF", "BSAG.IOCTalk.Test.Common.Client\BSAG.IOCTalk.Test.Common.Client.MEF.csproj", "{B5B547ED-20ED-4355-A271-9A5ACE886D83}"
EndProject
Project("{FAE04EC0-301F-11D3-BF4B-00C04F79EFBC}") = "BSAG.IOCTalk.Serialization.Json", "BSAG.IOCTalk.Serialization.Json\BSAG.IOCTalk.Serialization.Json.csproj", "{8B4575D9-6A52-43EC-BEFA-46E5987D01C4}"
EndProject
Project("{2150E333-8FDC-42A3-9474-1A3956D46DE8}") = "Common", "Common", "{CCEE18AB-6C63-45A0-8526-0DF40FFD9D42}"
	ProjectSection(SolutionItems) = preProject
		Common\SolutionInfo.cs = Common\SolutionInfo.cs
	EndProjectSection
EndProject
Project("{FAE04EC0-301F-11D3-BF4B-00C04F79EFBC}") = "BSAG.IOCTalk.Communication.Tcp", "BSAG.IOCTalk.Communication.Tcp\BSAG.IOCTalk.Communication.Tcp.csproj", "{E5160B31-1A70-4FEE-A99F-8699C2BF95CE}"
EndProject
Project("{FAE04EC0-301F-11D3-BF4B-00C04F79EFBC}") = "BSAG.IOCTalk.Logging", "BSAG.IOCTalk.Logging\BSAG.IOCTalk.Logging.csproj", "{5C3A0FA4-2944-4004-B8C3-5E17BAA242AA}"
EndProject
Project("{FAE04EC0-301F-11D3-BF4B-00C04F79EFBC}") = "BSAG.IOCTalk.Test.Common.Service.MEF", "BSAG.IOCTalk.Test.Common.Service\BSAG.IOCTalk.Test.Common.Service.MEF.csproj", "{01AB96B2-6BD5-421D-AE53-39EF5892EED8}"
EndProject
Global
	GlobalSection(SolutionConfigurationPlatforms) = preSolution
		Debug|Any CPU = Debug|Any CPU
		Debug|Mixed Platforms = Debug|Mixed Platforms
		Debug|x86 = Debug|x86
		Release|Any CPU = Release|Any CPU
		Release|Mixed Platforms = Release|Mixed Platforms
		Release|x86 = Release|x86
	EndGlobalSection
	GlobalSection(ProjectConfigurationPlatforms) = postSolution
		{FB931430-65AC-4C3D-AF49-31E47CE9140A}.Debug|Any CPU.ActiveCfg = Debug|Any CPU
		{FB931430-65AC-4C3D-AF49-31E47CE9140A}.Debug|Any CPU.Build.0 = Debug|Any CPU
		{FB931430-65AC-4C3D-AF49-31E47CE9140A}.Debug|Mixed Platforms.ActiveCfg = Debug|Any CPU
		{FB931430-65AC-4C3D-AF49-31E47CE9140A}.Debug|Mixed Platforms.Build.0 = Debug|Any CPU
		{FB931430-65AC-4C3D-AF49-31E47CE9140A}.Debug|x86.ActiveCfg = Debug|Any CPU
		{FB931430-65AC-4C3D-AF49-31E47CE9140A}.Release|Any CPU.ActiveCfg = Release|Any CPU
		{FB931430-65AC-4C3D-AF49-31E47CE9140A}.Release|Any CPU.Build.0 = Release|Any CPU
		{FB931430-65AC-4C3D-AF49-31E47CE9140A}.Release|Mixed Platforms.ActiveCfg = Release|Any CPU
		{FB931430-65AC-4C3D-AF49-31E47CE9140A}.Release|Mixed Platforms.Build.0 = Release|Any CPU
		{FB931430-65AC-4C3D-AF49-31E47CE9140A}.Release|x86.ActiveCfg = Release|Any CPU
		{FADC6A2F-31E4-4D03-B26B-7B0264D9FC9C}.Debug|Any CPU.ActiveCfg = Debug|Any CPU
		{FADC6A2F-31E4-4D03-B26B-7B0264D9FC9C}.Debug|Any CPU.Build.0 = Debug|Any CPU
		{FADC6A2F-31E4-4D03-B26B-7B0264D9FC9C}.Debug|Mixed Platforms.ActiveCfg = Debug|Any CPU
		{FADC6A2F-31E4-4D03-B26B-7B0264D9FC9C}.Debug|Mixed Platforms.Build.0 = Debug|Any CPU
		{FADC6A2F-31E4-4D03-B26B-7B0264D9FC9C}.Debug|x86.ActiveCfg = Debug|Any CPU
		{FADC6A2F-31E4-4D03-B26B-7B0264D9FC9C}.Release|Any CPU.ActiveCfg = Release|Any CPU
		{FADC6A2F-31E4-4D03-B26B-7B0264D9FC9C}.Release|Any CPU.Build.0 = Release|Any CPU
		{FADC6A2F-31E4-4D03-B26B-7B0264D9FC9C}.Release|Mixed Platforms.ActiveCfg = Release|Any CPU
		{FADC6A2F-31E4-4D03-B26B-7B0264D9FC9C}.Release|Mixed Platforms.Build.0 = Release|Any CPU
		{FADC6A2F-31E4-4D03-B26B-7B0264D9FC9C}.Release|x86.ActiveCfg = Release|Any CPU
		{4BC9D6FD-BACC-4FF2-933E-970096E4C882}.Debug|Any CPU.ActiveCfg = Debug|Any CPU
		{4BC9D6FD-BACC-4FF2-933E-970096E4C882}.Debug|Mixed Platforms.ActiveCfg = Debug|Any CPU
		{4BC9D6FD-BACC-4FF2-933E-970096E4C882}.Debug|x86.ActiveCfg = Debug|Any CPU
		{4BC9D6FD-BACC-4FF2-933E-970096E4C882}.Release|Any CPU.ActiveCfg = Release|Any CPU
		{4BC9D6FD-BACC-4FF2-933E-970096E4C882}.Release|Any CPU.Build.0 = Release|Any CPU
		{4BC9D6FD-BACC-4FF2-933E-970096E4C882}.Release|Mixed Platforms.ActiveCfg = Release|Any CPU
		{4BC9D6FD-BACC-4FF2-933E-970096E4C882}.Release|x86.ActiveCfg = Release|Any CPU
		{27D3A37E-9F68-4B0E-9D27-FFA661147E92}.Debug|Any CPU.ActiveCfg = Debug|Any CPU
		{27D3A37E-9F68-4B0E-9D27-FFA661147E92}.Debug|Any CPU.Build.0 = Debug|Any CPU
		{27D3A37E-9F68-4B0E-9D27-FFA661147E92}.Debug|Mixed Platforms.ActiveCfg = Debug|Any CPU
		{27D3A37E-9F68-4B0E-9D27-FFA661147E92}.Debug|Mixed Platforms.Build.0 = Debug|Any CPU
		{27D3A37E-9F68-4B0E-9D27-FFA661147E92}.Debug|x86.ActiveCfg = Debug|Any CPU
		{27D3A37E-9F68-4B0E-9D27-FFA661147E92}.Release|Any CPU.ActiveCfg = Release|Any CPU
		{27D3A37E-9F68-4B0E-9D27-FFA661147E92}.Release|Any CPU.Build.0 = Release|Any CPU
		{27D3A37E-9F68-4B0E-9D27-FFA661147E92}.Release|Mixed Platforms.ActiveCfg = Release|Any CPU
		{27D3A37E-9F68-4B0E-9D27-FFA661147E92}.Release|Mixed Platforms.Build.0 = Release|Any CPU
		{27D3A37E-9F68-4B0E-9D27-FFA661147E92}.Release|x86.ActiveCfg = Release|Any CPU
		{65733AB9-D205-4B76-8F82-43783B2653B9}.Debug|Any CPU.ActiveCfg = Debug|Any CPU
		{65733AB9-D205-4B76-8F82-43783B2653B9}.Debug|Any CPU.Build.0 = Debug|Any CPU
		{65733AB9-D205-4B76-8F82-43783B2653B9}.Debug|Mixed Platforms.ActiveCfg = Debug|Any CPU
		{65733AB9-D205-4B76-8F82-43783B2653B9}.Debug|Mixed Platforms.Build.0 = Debug|Any CPU
		{65733AB9-D205-4B76-8F82-43783B2653B9}.Debug|x86.ActiveCfg = Debug|Any CPU
		{65733AB9-D205-4B76-8F82-43783B2653B9}.Release|Any CPU.ActiveCfg = Release|Any CPU
		{65733AB9-D205-4B76-8F82-43783B2653B9}.Release|Any CPU.Build.0 = Release|Any CPU
		{65733AB9-D205-4B76-8F82-43783B2653B9}.Release|Mixed Platforms.ActiveCfg = Release|Any CPU
		{65733AB9-D205-4B76-8F82-43783B2653B9}.Release|Mixed Platforms.Build.0 = Release|Any CPU
		{65733AB9-D205-4B76-8F82-43783B2653B9}.Release|x86.ActiveCfg = Release|Any CPU
		{BB2BA544-8168-45BE-8A61-82500BD833AB}.Debug|Any CPU.ActiveCfg = Debug|Any CPU
		{BB2BA544-8168-45BE-8A61-82500BD833AB}.Debug|Any CPU.Build.0 = Debug|Any CPU
		{BB2BA544-8168-45BE-8A61-82500BD833AB}.Debug|Mixed Platforms.ActiveCfg = Debug|Any CPU
		{BB2BA544-8168-45BE-8A61-82500BD833AB}.Debug|Mixed Platforms.Build.0 = Debug|Any CPU
		{BB2BA544-8168-45BE-8A61-82500BD833AB}.Debug|x86.ActiveCfg = Debug|Any CPU
		{BB2BA544-8168-45BE-8A61-82500BD833AB}.Release|Any CPU.ActiveCfg = Release|Any CPU
		{BB2BA544-8168-45BE-8A61-82500BD833AB}.Release|Any CPU.Build.0 = Release|Any CPU
		{BB2BA544-8168-45BE-8A61-82500BD833AB}.Release|Mixed Platforms.ActiveCfg = Release|Any CPU
		{BB2BA544-8168-45BE-8A61-82500BD833AB}.Release|Mixed Platforms.Build.0 = Release|Any CPU
		{BB2BA544-8168-45BE-8A61-82500BD833AB}.Release|x86.ActiveCfg = Release|Any CPU
		{B5B547ED-20ED-4355-A271-9A5ACE886D83}.Debug|Any CPU.ActiveCfg = Debug|Any CPU
		{B5B547ED-20ED-4355-A271-9A5ACE886D83}.Debug|Any CPU.Build.0 = Debug|Any CPU
		{B5B547ED-20ED-4355-A271-9A5ACE886D83}.Debug|Mixed Platforms.ActiveCfg = Debug|Any CPU
		{B5B547ED-20ED-4355-A271-9A5ACE886D83}.Debug|Mixed Platforms.Build.0 = Debug|Any CPU
		{B5B547ED-20ED-4355-A271-9A5ACE886D83}.Debug|x86.ActiveCfg = Debug|Any CPU
		{B5B547ED-20ED-4355-A271-9A5ACE886D83}.Release|Any CPU.ActiveCfg = Release|Any CPU
		{B5B547ED-20ED-4355-A271-9A5ACE886D83}.Release|Any CPU.Build.0 = Release|Any CPU
		{B5B547ED-20ED-4355-A271-9A5ACE886D83}.Release|Mixed Platforms.ActiveCfg = Release|Any CPU
		{B5B547ED-20ED-4355-A271-9A5ACE886D83}.Release|Mixed Platforms.Build.0 = Release|Any CPU
		{B5B547ED-20ED-4355-A271-9A5ACE886D83}.Release|x86.ActiveCfg = Release|Any CPU
		{8B4575D9-6A52-43EC-BEFA-46E5987D01C4}.Debug|Any CPU.ActiveCfg = Debug|Any CPU
		{8B4575D9-6A52-43EC-BEFA-46E5987D01C4}.Debug|Any CPU.Build.0 = Debug|Any CPU
		{8B4575D9-6A52-43EC-BEFA-46E5987D01C4}.Debug|Mixed Platforms.ActiveCfg = Debug|Any CPU
		{8B4575D9-6A52-43EC-BEFA-46E5987D01C4}.Debug|Mixed Platforms.Build.0 = Debug|Any CPU
		{8B4575D9-6A52-43EC-BEFA-46E5987D01C4}.Debug|x86.ActiveCfg = Debug|Any CPU
		{8B4575D9-6A52-43EC-BEFA-46E5987D01C4}.Release|Any CPU.ActiveCfg = Release|Any CPU
		{8B4575D9-6A52-43EC-BEFA-46E5987D01C4}.Release|Any CPU.Build.0 = Release|Any CPU
		{8B4575D9-6A52-43EC-BEFA-46E5987D01C4}.Release|Mixed Platforms.ActiveCfg = Release|Any CPU
		{8B4575D9-6A52-43EC-BEFA-46E5987D01C4}.Release|Mixed Platforms.Build.0 = Release|Any CPU
		{8B4575D9-6A52-43EC-BEFA-46E5987D01C4}.Release|x86.ActiveCfg = Release|Any CPU
		{E5160B31-1A70-4FEE-A99F-8699C2BF95CE}.Debug|Any CPU.ActiveCfg = Debug|Any CPU
		{E5160B31-1A70-4FEE-A99F-8699C2BF95CE}.Debug|Any CPU.Build.0 = Debug|Any CPU
		{E5160B31-1A70-4FEE-A99F-8699C2BF95CE}.Debug|Mixed Platforms.ActiveCfg = Debug|Any CPU
		{E5160B31-1A70-4FEE-A99F-8699C2BF95CE}.Debug|Mixed Platforms.Build.0 = Debug|Any CPU
		{E5160B31-1A70-4FEE-A99F-8699C2BF95CE}.Debug|x86.ActiveCfg = Debug|Any CPU
		{E5160B31-1A70-4FEE-A99F-8699C2BF95CE}.Release|Any CPU.ActiveCfg = Release|Any CPU
		{E5160B31-1A70-4FEE-A99F-8699C2BF95CE}.Release|Any CPU.Build.0 = Release|Any CPU
		{E5160B31-1A70-4FEE-A99F-8699C2BF95CE}.Release|Mixed Platforms.ActiveCfg = Release|Any CPU
		{E5160B31-1A70-4FEE-A99F-8699C2BF95CE}.Release|Mixed Platforms.Build.0 = Release|Any CPU
		{E5160B31-1A70-4FEE-A99F-8699C2BF95CE}.Release|x86.ActiveCfg = Release|Any CPU
		{5C3A0FA4-2944-4004-B8C3-5E17BAA242AA}.Debug|Any CPU.ActiveCfg = Debug|Any CPU
		{5C3A0FA4-2944-4004-B8C3-5E17BAA242AA}.Debug|Any CPU.Build.0 = Debug|Any CPU
		{5C3A0FA4-2944-4004-B8C3-5E17BAA242AA}.Debug|Mixed Platforms.ActiveCfg = Debug|Any CPU
		{5C3A0FA4-2944-4004-B8C3-5E17BAA242AA}.Debug|Mixed Platforms.Build.0 = Debug|Any CPU
		{5C3A0FA4-2944-4004-B8C3-5E17BAA242AA}.Debug|x86.ActiveCfg = Debug|Any CPU
		{5C3A0FA4-2944-4004-B8C3-5E17BAA242AA}.Release|Any CPU.ActiveCfg = Release|Any CPU
		{5C3A0FA4-2944-4004-B8C3-5E17BAA242AA}.Release|Any CPU.Build.0 = Release|Any CPU
		{5C3A0FA4-2944-4004-B8C3-5E17BAA242AA}.Release|Mixed Platforms.ActiveCfg = Release|Any CPU
		{5C3A0FA4-2944-4004-B8C3-5E17BAA242AA}.Release|Mixed Platforms.Build.0 = Release|Any CPU
		{5C3A0FA4-2944-4004-B8C3-5E17BAA242AA}.Release|x86.ActiveCfg = Release|Any CPU
		{01AB96B2-6BD5-421D-AE53-39EF5892EED8}.Debug|Any CPU.ActiveCfg = Debug|Any CPU
		{01AB96B2-6BD5-421D-AE53-39EF5892EED8}.Debug|Any CPU.Build.0 = Debug|Any CPU
		{01AB96B2-6BD5-421D-AE53-39EF5892EED8}.Debug|Mixed Platforms.ActiveCfg = Debug|Any CPU
		{01AB96B2-6BD5-421D-AE53-39EF5892EED8}.Debug|Mixed Platforms.Build.0 = Debug|Any CPU
		{01AB96B2-6BD5-421D-AE53-39EF5892EED8}.Debug|x86.ActiveCfg = Debug|Any CPU
		{01AB96B2-6BD5-421D-AE53-39EF5892EED8}.Release|Any CPU.ActiveCfg = Release|Any CPU
		{01AB96B2-6BD5-421D-AE53-39EF5892EED8}.Release|Any CPU.Build.0 = Release|Any CPU
		{01AB96B2-6BD5-421D-AE53-39EF5892EED8}.Release|Mixed Platforms.ActiveCfg = Release|Any CPU
		{01AB96B2-6BD5-421D-AE53-39EF5892EED8}.Release|Mixed Platforms.Build.0 = Release|Any CPU
		{01AB96B2-6BD5-421D-AE53-39EF5892EED8}.Release|x86.ActiveCfg = Release|Any CPU
	EndGlobalSection
	GlobalSection(SolutionProperties) = preSolution
		HideSolutionNode = FALSE
	EndGlobalSection
	GlobalSection(NestedProjects) = preSolution
		{0ED8F53E-A720-4991-AEB3-FD7979581A91} = {D6C8FBBC-2E3F-43DF-BFB9-082DB12EE30A}
		{DFD42D58-E91F-4F73-ACEE-E839002A3207} = {0ED8F53E-A720-4991-AEB3-FD7979581A91}
		{0764B010-234C-4493-A433-72D987F33D5C} = {0ED8F53E-A720-4991-AEB3-FD7979581A91}
		{65733AB9-D205-4B76-8F82-43783B2653B9} = {0ED8F53E-A720-4991-AEB3-FD7979581A91}
		{BB2BA544-8168-45BE-8A61-82500BD833AB} = {DFD42D58-E91F-4F73-ACEE-E839002A3207}
		{B5B547ED-20ED-4355-A271-9A5ACE886D83} = {0764B010-234C-4493-A433-72D987F33D5C}
		{01AB96B2-6BD5-421D-AE53-39EF5892EED8} = {0764B010-234C-4493-A433-72D987F33D5C}
	EndGlobalSection
	GlobalSection(TestCaseManagementSettings) = postSolution
		CategoryFile = BSAG.IOCTalk.vsmdi
	EndGlobalSection
EndGlobal
