
Microsoft Visual Studio Solution File, Format Version 12.00
# Visual Studio 15
VisualStudioVersion = 15.0.27703.2035
MinimumVisualStudioVersion = 10.0.40219.1
Project("{FAE04EC0-301F-11D3-BF4B-00C04F79EFBC}") = "CmdChat.Server", "CmdChat\CmdChat.Server.csproj", "{10749FB6-B5E8-4939-91AE-907EEA0A6871}"
EndProject
Project("{FAE04EC0-301F-11D3-BF4B-00C04F79EFBC}") = "CmdChat.Frontend", "CmdChat.Frontend\CmdChat.Frontend.csproj", "{EFDB9520-934F-4367-A31E-3735C7735E31}"
EndProject
Project("{FAE04EC0-301F-11D3-BF4B-00C04F79EFBC}") = "CmdChat.Interface", "CmdChat.Interface\CmdChat.Interface.csproj", "{81FDCB49-2EB8-4D40-B585-69E25FCFB5CE}"
EndProject
Project("{FAE04EC0-301F-11D3-BF4B-00C04F79EFBC}") = "CmdChat.Server.Implementation", "CmdChat.Server.Implementation\CmdChat.Server.Implementation.csproj", "{B18BDE0C-3ABD-4FEC-99BF-83CE2D7941BA}"
EndProject
Project("{FAE04EC0-301F-11D3-BF4B-00C04F79EFBC}") = "CmdChat.Frontend.Implementation", "CmdChat.Frontend.Implementation\CmdChat.Frontend.Implementation.csproj", "{6ED724F9-54AF-419D-8EF5-9C1F80B86489}"
EndProject
Global
	GlobalSection(SolutionConfigurationPlatforms) = preSolution
		Debug|Any CPU = Debug|Any CPU
		Release|Any CPU = Release|Any CPU
	EndGlobalSection
	GlobalSection(ProjectConfigurationPlatforms) = postSolution
		{10749FB6-B5E8-4939-91AE-907EEA0A6871}.Debug|Any CPU.ActiveCfg = Debug|Any CPU
		{10749FB6-B5E8-4939-91AE-907EEA0A6871}.Debug|Any CPU.Build.0 = Debug|Any CPU
		{10749FB6-B5E8-4939-91AE-907EEA0A6871}.Release|Any CPU.ActiveCfg = Release|Any CPU
		{10749FB6-B5E8-4939-91AE-907EEA0A6871}.Release|Any CPU.Build.0 = Release|Any CPU
		{EFDB9520-934F-4367-A31E-3735C7735E31}.Debug|Any CPU.ActiveCfg = Debug|Any CPU
		{EFDB9520-934F-4367-A31E-3735C7735E31}.Debug|Any CPU.Build.0 = Debug|Any CPU
		{EFDB9520-934F-4367-A31E-3735C7735E31}.Release|Any CPU.ActiveCfg = Release|Any CPU
		{EFDB9520-934F-4367-A31E-3735C7735E31}.Release|Any CPU.Build.0 = Release|Any CPU
		{81FDCB49-2EB8-4D40-B585-69E25FCFB5CE}.Debug|Any CPU.ActiveCfg = Debug|Any CPU
		{81FDCB49-2EB8-4D40-B585-69E25FCFB5CE}.Debug|Any CPU.Build.0 = Debug|Any CPU
		{81FDCB49-2EB8-4D40-B585-69E25FCFB5CE}.Release|Any CPU.ActiveCfg = Release|Any CPU
		{81FDCB49-2EB8-4D40-B585-69E25FCFB5CE}.Release|Any CPU.Build.0 = Release|Any CPU
		{B18BDE0C-3ABD-4FEC-99BF-83CE2D7941BA}.Debug|Any CPU.ActiveCfg = Debug|Any CPU
		{B18BDE0C-3ABD-4FEC-99BF-83CE2D7941BA}.Debug|Any CPU.Build.0 = Debug|Any CPU
		{B18BDE0C-3ABD-4FEC-99BF-83CE2D7941BA}.Release|Any CPU.ActiveCfg = Release|Any CPU
		{B18BDE0C-3ABD-4FEC-99BF-83CE2D7941BA}.Release|Any CPU.Build.0 = Release|Any CPU
		{6ED724F9-54AF-419D-8EF5-9C1F80B86489}.Debug|Any CPU.ActiveCfg = Debug|Any CPU
		{6ED724F9-54AF-419D-8EF5-9C1F80B86489}.Debug|Any CPU.Build.0 = Debug|Any CPU
		{6ED724F9-54AF-419D-8EF5-9C1F80B86489}.Release|Any CPU.ActiveCfg = Release|Any CPU
		{6ED724F9-54AF-419D-8EF5-9C1F80B86489}.Release|Any CPU.Build.0 = Release|Any CPU
	EndGlobalSection
	GlobalSection(SolutionProperties) = preSolution
		HideSolutionNode = FALSE
	EndGlobalSection
	GlobalSection(ExtensibilityGlobals) = postSolution
		SolutionGuid = {FFBBA2A1-7125-4DF8-B539-DC03AD249BF9}
	EndGlobalSection
EndGlobal
