
Microsoft Visual Studio Solution File, Format Version 12.00
# Visual Studio Version 17
VisualStudioVersion = 17.0.31919.166
MinimumVisualStudioVersion = 10.0.40219.1
Project("{9A19103F-16F7-4668-BE54-9A1E7A4F7556}") = "BSAG.IOCTalk.Common", "BSAG.IOCTalk.Common\BSAG.IOCTalk.Common.csproj", "{142E2367-370D-4EB3-89F7-781B94B8E54A}"
EndProject
Project("{2150E333-8FDC-42A3-9474-1A3956D46DE8}") = "UnitTests", "UnitTests", "{E592DCF8-AC15-4FE8-AF2A-C95F4B80682E}"
EndProject
Project("{9A19103F-16F7-4668-BE54-9A1E7A4F7556}") = "BSAG.IOCTalk.Common.Test", "BSAG.IOCTalk.Common.Test\BSAG.IOCTalk.Common.Test.csproj", "{79749AD1-FC19-4E12-A179-53F3055E9A92}"
EndProject
Project("{9A19103F-16F7-4668-BE54-9A1E7A4F7556}") = "BSAG.IOCTalk.Communication.Common", "BSAG.IOCTalk.Communication.Common\BSAG.IOCTalk.Communication.Common.csproj", "{104BE2ED-AED9-42CB-BB64-252B5931616A}"
EndProject
Project("{9A19103F-16F7-4668-BE54-9A1E7A4F7556}") = "BSAG.IOCTalk.Communication.Tcp", "BSAG.IOCTalk.Communication.Tcp\BSAG.IOCTalk.Communication.Tcp.csproj", "{DE3ED1C1-A1E3-4B13-B545-C7D543F9F174}"
EndProject
Project("{9A19103F-16F7-4668-BE54-9A1E7A4F7556}") = "BSAG.IOCTalk.Logging", "BSAG.IOCTalk.Logging\BSAG.IOCTalk.Logging.csproj", "{CC4B6092-F46D-421A-8C9D-2806C6F995EA}"
EndProject
Project("{9A19103F-16F7-4668-BE54-9A1E7A4F7556}") = "BSAG.IOCTalk.Serialization.Json", "BSAG.IOCTalk.Serialization.Json\BSAG.IOCTalk.Serialization.Json.csproj", "{261AD1FF-2DA1-4DE0-9E2D-B0FC64F0AEA9}"
EndProject
Project("{9A19103F-16F7-4668-BE54-9A1E7A4F7556}") = "BSAG.IOCTalk.Composition", "BSAG.IOCTalk.Composition\BSAG.IOCTalk.Composition.csproj", "{6F0AA0EE-4A1D-4B66-B7E3-BC12E5E14764}"
EndProject
Project("{9A19103F-16F7-4668-BE54-9A1E7A4F7556}") = "BSAG.IOCTalk.Test.Common.Service", "BSAG.IOCTalk.Test.Common.Service\BSAG.IOCTalk.Test.Common.Service.csproj", "{2B7EAF82-8D99-42EE-9B72-1A03A67A00FA}"
EndProject
Project("{9A19103F-16F7-4668-BE54-9A1E7A4F7556}") = "BSAG.IOCTalk.Test.Interface", "BSAG.IOCTalk.Test.Interface\BSAG.IOCTalk.Test.Interface.csproj", "{20AD9229-4A46-40FD-A3E4-8A16CF577188}"
EndProject
Project("{9A19103F-16F7-4668-BE54-9A1E7A4F7556}") = "BSAG.IOCTalk.Communication.PersistentQueue", "BSAG.IOCTalk.Communication.PersistentQueue\BSAG.IOCTalk.Communication.PersistentQueue.csproj", "{80D7225D-FE55-491E-B52E-7E838A45231D}"
EndProject
Project("{9A19103F-16F7-4668-BE54-9A1E7A4F7556}") = "BSAG.IOCTalk.Serialization.Binary", "BSAG.IOCTalk.Serialization.Binary\BSAG.IOCTalk.Serialization.Binary.csproj", "{B18E5003-657C-4790-B7AA-142823D2F754}"
EndProject
Project("{9A19103F-16F7-4668-BE54-9A1E7A4F7556}") = "BSAG.IOCTalk.Serialization.Binary.Test", "BSAG.IOCTalk.Serialization.Binary.Test\BSAG.IOCTalk.Serialization.Binary.Test.csproj", "{9A9F851A-3B4D-4EC6-88F8-23E6EDD98B38}"
EndProject
Project("{9A19103F-16F7-4668-BE54-9A1E7A4F7556}") = "IOCTalk.BenchmarkDotNet", "IOCTalk.BenchmarkDotNet\IOCTalk.BenchmarkDotNet.csproj", "{E18F78F1-8543-494D-8E06-BA1777E95A6C}"
EndProject
Project("{9A19103F-16F7-4668-BE54-9A1E7A4F7556}") = "IOCTalk.CodeGenerator", "IOCTalk.CodeGenerator\IOCTalk.CodeGenerator.csproj", "{7B560F1C-E6CA-41E3-8FD0-0FAE662145B2}"
EndProject
Project("{9A19103F-16F7-4668-BE54-9A1E7A4F7556}") = "BSAG.IOCTalk.Communication.NetTcp", "BSAG.IOCTalk.Communication.NetTcp\BSAG.IOCTalk.Communication.NetTcp.csproj", "{0880B244-4B08-4152-9A51-1C9FA833EEF0}"
EndProject
Project("{9A19103F-16F7-4668-BE54-9A1E7A4F7556}") = "IOCTalk.Communication.WebSocketListener", "IOCTalk.Communication.WebSocketListener\IOCTalk.Communication.WebSocketListener.csproj", "{4C1617C8-9366-41F7-A21F-C787CFC09EA9}"
EndProject
Project("{9A19103F-16F7-4668-BE54-9A1E7A4F7556}") = "IOCTalk.Communication.WebSocketClient", "IOCTalk.Communication.WebSocketClient\IOCTalk.Communication.WebSocketClient.csproj", "{BD345D6F-7394-422B-A74D-EF696416933C}"
EndProject
Project("{9A19103F-16F7-4668-BE54-9A1E7A4F7556}") = "IOCTalk.Communication.WebSocketFraming", "IOCTalk.Communication.WebSocketFraming\IOCTalk.Communication.WebSocketFraming.csproj", "{49825538-F443-4F8F-8CBE-2D6658FDC68D}"
EndProject
Project("{9A19103F-16F7-4668-BE54-9A1E7A4F7556}") = "IOCTalk.UnitTests.Websockets", "UnitTests\IOCTalk.UnitTests.Websockets\IOCTalk.UnitTests.Websockets.csproj", "{7727B1B8-0C2C-4CC3-845B-7F0A414FDCFE}"
EndProject
Project("{2150E333-8FDC-42A3-9474-1A3956D46DE8}") = "Solution Items", "Solution Items", "{0E0F85AB-8231-43C8-976C-584D845CF26E}"
	ProjectSection(SolutionItems) = preProject
		..\README.md = ..\README.md
	EndProjectSection
EndProject
Project("{FAE04EC0-301F-11D3-BF4B-00C04F79EFBC}") = "IOCTalk.UnitTests.Interceptor", "UnitTests\IOCTalk.UnitTests.Interceptor\IOCTalk.UnitTests.Interceptor.csproj", "{F4B9FBF0-5B10-42F7-B5E1-C7BFAE9EE1FA}"
EndProject
Global
	GlobalSection(SolutionConfigurationPlatforms) = preSolution
		Debug|Any CPU = Debug|Any CPU
		Release|Any CPU = Release|Any CPU
	EndGlobalSection
	GlobalSection(ProjectConfigurationPlatforms) = postSolution
		{142E2367-370D-4EB3-89F7-781B94B8E54A}.Debug|Any CPU.ActiveCfg = Debug|Any CPU
		{142E2367-370D-4EB3-89F7-781B94B8E54A}.Debug|Any CPU.Build.0 = Debug|Any CPU
		{142E2367-370D-4EB3-89F7-781B94B8E54A}.Release|Any CPU.ActiveCfg = Release|Any CPU
		{142E2367-370D-4EB3-89F7-781B94B8E54A}.Release|Any CPU.Build.0 = Release|Any CPU
		{79749AD1-FC19-4E12-A179-53F3055E9A92}.Debug|Any CPU.ActiveCfg = Debug|Any CPU
		{79749AD1-FC19-4E12-A179-53F3055E9A92}.Debug|Any CPU.Build.0 = Debug|Any CPU
		{79749AD1-FC19-4E12-A179-53F3055E9A92}.Release|Any CPU.ActiveCfg = Release|Any CPU
		{79749AD1-FC19-4E12-A179-53F3055E9A92}.Release|Any CPU.Build.0 = Release|Any CPU
		{104BE2ED-AED9-42CB-BB64-252B5931616A}.Debug|Any CPU.ActiveCfg = Debug|Any CPU
		{104BE2ED-AED9-42CB-BB64-252B5931616A}.Debug|Any CPU.Build.0 = Debug|Any CPU
		{104BE2ED-AED9-42CB-BB64-252B5931616A}.Release|Any CPU.ActiveCfg = Release|Any CPU
		{104BE2ED-AED9-42CB-BB64-252B5931616A}.Release|Any CPU.Build.0 = Release|Any CPU
		{DE3ED1C1-A1E3-4B13-B545-C7D543F9F174}.Debug|Any CPU.ActiveCfg = Debug|Any CPU
		{DE3ED1C1-A1E3-4B13-B545-C7D543F9F174}.Debug|Any CPU.Build.0 = Debug|Any CPU
		{DE3ED1C1-A1E3-4B13-B545-C7D543F9F174}.Release|Any CPU.ActiveCfg = Release|Any CPU
		{DE3ED1C1-A1E3-4B13-B545-C7D543F9F174}.Release|Any CPU.Build.0 = Release|Any CPU
		{CC4B6092-F46D-421A-8C9D-2806C6F995EA}.Debug|Any CPU.ActiveCfg = Debug|Any CPU
		{CC4B6092-F46D-421A-8C9D-2806C6F995EA}.Debug|Any CPU.Build.0 = Debug|Any CPU
		{CC4B6092-F46D-421A-8C9D-2806C6F995EA}.Release|Any CPU.ActiveCfg = Release|Any CPU
		{CC4B6092-F46D-421A-8C9D-2806C6F995EA}.Release|Any CPU.Build.0 = Release|Any CPU
		{261AD1FF-2DA1-4DE0-9E2D-B0FC64F0AEA9}.Debug|Any CPU.ActiveCfg = Debug|Any CPU
		{261AD1FF-2DA1-4DE0-9E2D-B0FC64F0AEA9}.Debug|Any CPU.Build.0 = Debug|Any CPU
		{261AD1FF-2DA1-4DE0-9E2D-B0FC64F0AEA9}.Release|Any CPU.ActiveCfg = Release|Any CPU
		{261AD1FF-2DA1-4DE0-9E2D-B0FC64F0AEA9}.Release|Any CPU.Build.0 = Release|Any CPU
		{6F0AA0EE-4A1D-4B66-B7E3-BC12E5E14764}.Debug|Any CPU.ActiveCfg = Debug|Any CPU
		{6F0AA0EE-4A1D-4B66-B7E3-BC12E5E14764}.Debug|Any CPU.Build.0 = Debug|Any CPU
		{6F0AA0EE-4A1D-4B66-B7E3-BC12E5E14764}.Release|Any CPU.ActiveCfg = Release|Any CPU
		{6F0AA0EE-4A1D-4B66-B7E3-BC12E5E14764}.Release|Any CPU.Build.0 = Release|Any CPU
		{2B7EAF82-8D99-42EE-9B72-1A03A67A00FA}.Debug|Any CPU.ActiveCfg = Debug|Any CPU
		{2B7EAF82-8D99-42EE-9B72-1A03A67A00FA}.Debug|Any CPU.Build.0 = Debug|Any CPU
		{2B7EAF82-8D99-42EE-9B72-1A03A67A00FA}.Release|Any CPU.ActiveCfg = Release|Any CPU
		{2B7EAF82-8D99-42EE-9B72-1A03A67A00FA}.Release|Any CPU.Build.0 = Release|Any CPU
		{20AD9229-4A46-40FD-A3E4-8A16CF577188}.Debug|Any CPU.ActiveCfg = Debug|Any CPU
		{20AD9229-4A46-40FD-A3E4-8A16CF577188}.Debug|Any CPU.Build.0 = Debug|Any CPU
		{20AD9229-4A46-40FD-A3E4-8A16CF577188}.Release|Any CPU.ActiveCfg = Release|Any CPU
		{20AD9229-4A46-40FD-A3E4-8A16CF577188}.Release|Any CPU.Build.0 = Release|Any CPU
		{80D7225D-FE55-491E-B52E-7E838A45231D}.Debug|Any CPU.ActiveCfg = Debug|Any CPU
		{80D7225D-FE55-491E-B52E-7E838A45231D}.Debug|Any CPU.Build.0 = Debug|Any CPU
		{80D7225D-FE55-491E-B52E-7E838A45231D}.Release|Any CPU.ActiveCfg = Release|Any CPU
		{80D7225D-FE55-491E-B52E-7E838A45231D}.Release|Any CPU.Build.0 = Release|Any CPU
		{B18E5003-657C-4790-B7AA-142823D2F754}.Debug|Any CPU.ActiveCfg = Debug|Any CPU
		{B18E5003-657C-4790-B7AA-142823D2F754}.Debug|Any CPU.Build.0 = Debug|Any CPU
		{B18E5003-657C-4790-B7AA-142823D2F754}.Release|Any CPU.ActiveCfg = Release|Any CPU
		{B18E5003-657C-4790-B7AA-142823D2F754}.Release|Any CPU.Build.0 = Release|Any CPU
		{9A9F851A-3B4D-4EC6-88F8-23E6EDD98B38}.Debug|Any CPU.ActiveCfg = Debug|Any CPU
		{9A9F851A-3B4D-4EC6-88F8-23E6EDD98B38}.Debug|Any CPU.Build.0 = Debug|Any CPU
		{9A9F851A-3B4D-4EC6-88F8-23E6EDD98B38}.Release|Any CPU.ActiveCfg = Release|Any CPU
		{9A9F851A-3B4D-4EC6-88F8-23E6EDD98B38}.Release|Any CPU.Build.0 = Release|Any CPU
		{E18F78F1-8543-494D-8E06-BA1777E95A6C}.Debug|Any CPU.ActiveCfg = Debug|Any CPU
		{E18F78F1-8543-494D-8E06-BA1777E95A6C}.Debug|Any CPU.Build.0 = Debug|Any CPU
		{E18F78F1-8543-494D-8E06-BA1777E95A6C}.Release|Any CPU.ActiveCfg = Release|Any CPU
		{E18F78F1-8543-494D-8E06-BA1777E95A6C}.Release|Any CPU.Build.0 = Release|Any CPU
		{7B560F1C-E6CA-41E3-8FD0-0FAE662145B2}.Debug|Any CPU.ActiveCfg = Debug|Any CPU
		{7B560F1C-E6CA-41E3-8FD0-0FAE662145B2}.Debug|Any CPU.Build.0 = Debug|Any CPU
		{7B560F1C-E6CA-41E3-8FD0-0FAE662145B2}.Release|Any CPU.ActiveCfg = Release|Any CPU
		{7B560F1C-E6CA-41E3-8FD0-0FAE662145B2}.Release|Any CPU.Build.0 = Release|Any CPU
		{0880B244-4B08-4152-9A51-1C9FA833EEF0}.Debug|Any CPU.ActiveCfg = Debug|Any CPU
		{0880B244-4B08-4152-9A51-1C9FA833EEF0}.Debug|Any CPU.Build.0 = Debug|Any CPU
		{0880B244-4B08-4152-9A51-1C9FA833EEF0}.Release|Any CPU.ActiveCfg = Release|Any CPU
		{0880B244-4B08-4152-9A51-1C9FA833EEF0}.Release|Any CPU.Build.0 = Release|Any CPU
		{4C1617C8-9366-41F7-A21F-C787CFC09EA9}.Debug|Any CPU.ActiveCfg = Debug|Any CPU
		{4C1617C8-9366-41F7-A21F-C787CFC09EA9}.Debug|Any CPU.Build.0 = Debug|Any CPU
		{4C1617C8-9366-41F7-A21F-C787CFC09EA9}.Release|Any CPU.ActiveCfg = Release|Any CPU
		{4C1617C8-9366-41F7-A21F-C787CFC09EA9}.Release|Any CPU.Build.0 = Release|Any CPU
		{BD345D6F-7394-422B-A74D-EF696416933C}.Debug|Any CPU.ActiveCfg = Debug|Any CPU
		{BD345D6F-7394-422B-A74D-EF696416933C}.Debug|Any CPU.Build.0 = Debug|Any CPU
		{BD345D6F-7394-422B-A74D-EF696416933C}.Release|Any CPU.ActiveCfg = Release|Any CPU
		{BD345D6F-7394-422B-A74D-EF696416933C}.Release|Any CPU.Build.0 = Release|Any CPU
		{49825538-F443-4F8F-8CBE-2D6658FDC68D}.Debug|Any CPU.ActiveCfg = Debug|Any CPU
		{49825538-F443-4F8F-8CBE-2D6658FDC68D}.Debug|Any CPU.Build.0 = Debug|Any CPU
		{49825538-F443-4F8F-8CBE-2D6658FDC68D}.Release|Any CPU.ActiveCfg = Release|Any CPU
		{49825538-F443-4F8F-8CBE-2D6658FDC68D}.Release|Any CPU.Build.0 = Release|Any CPU
		{7727B1B8-0C2C-4CC3-845B-7F0A414FDCFE}.Debug|Any CPU.ActiveCfg = Debug|Any CPU
		{7727B1B8-0C2C-4CC3-845B-7F0A414FDCFE}.Debug|Any CPU.Build.0 = Debug|Any CPU
		{7727B1B8-0C2C-4CC3-845B-7F0A414FDCFE}.Release|Any CPU.ActiveCfg = Release|Any CPU
		{7727B1B8-0C2C-4CC3-845B-7F0A414FDCFE}.Release|Any CPU.Build.0 = Release|Any CPU
		{F4B9FBF0-5B10-42F7-B5E1-C7BFAE9EE1FA}.Debug|Any CPU.ActiveCfg = Debug|Any CPU
		{F4B9FBF0-5B10-42F7-B5E1-C7BFAE9EE1FA}.Debug|Any CPU.Build.0 = Debug|Any CPU
		{F4B9FBF0-5B10-42F7-B5E1-C7BFAE9EE1FA}.Release|Any CPU.ActiveCfg = Release|Any CPU
		{F4B9FBF0-5B10-42F7-B5E1-C7BFAE9EE1FA}.Release|Any CPU.Build.0 = Release|Any CPU
	EndGlobalSection
	GlobalSection(SolutionProperties) = preSolution
		HideSolutionNode = FALSE
	EndGlobalSection
	GlobalSection(NestedProjects) = preSolution
		{79749AD1-FC19-4E12-A179-53F3055E9A92} = {E592DCF8-AC15-4FE8-AF2A-C95F4B80682E}
		{2B7EAF82-8D99-42EE-9B72-1A03A67A00FA} = {E592DCF8-AC15-4FE8-AF2A-C95F4B80682E}
		{20AD9229-4A46-40FD-A3E4-8A16CF577188} = {E592DCF8-AC15-4FE8-AF2A-C95F4B80682E}
		{9A9F851A-3B4D-4EC6-88F8-23E6EDD98B38} = {E592DCF8-AC15-4FE8-AF2A-C95F4B80682E}
		{7727B1B8-0C2C-4CC3-845B-7F0A414FDCFE} = {E592DCF8-AC15-4FE8-AF2A-C95F4B80682E}
		{F4B9FBF0-5B10-42F7-B5E1-C7BFAE9EE1FA} = {E592DCF8-AC15-4FE8-AF2A-C95F4B80682E}
	EndGlobalSection
	GlobalSection(ExtensibilityGlobals) = postSolution
		SolutionGuid = {53870CE6-F9E9-4FC3-A378-8E7A71F1DF33}
	EndGlobalSection
EndGlobal
